// !$*UTF8*$!
{
	archiveVersion = 1;
	classes = {
	};
	objectVersion = 51;
	objects = {

/* Begin PBXBuildFile section */
		1421F16D2866BC5C00E0E1B0 /* CartItemCollectionViewCell.swift in Sources */ = {isa = PBXBuildFile; fileRef = 1421F16B2866BC5C00E0E1B0 /* CartItemCollectionViewCell.swift */; };
		1421F1702866BE0000E0E1B0 /* CartViewController.swift in Sources */ = {isa = PBXBuildFile; fileRef = 1421F16F2866BE0000E0E1B0 /* CartViewController.swift */; };
		142C2B95286A98E0001CEFBB /* Settings.storyboard in Resources */ = {isa = PBXBuildFile; fileRef = 142C2B94286A98E0001CEFBB /* Settings.storyboard */; };
		142C2B97286A9AAD001CEFBB /* SettingsViewController.swift in Sources */ = {isa = PBXBuildFile; fileRef = 142C2B96286A9AAD001CEFBB /* SettingsViewController.swift */; };
		142C2B9C286ABA94001CEFBB /* SettingsCell.swift in Sources */ = {isa = PBXBuildFile; fileRef = 142C2B9B286ABA94001CEFBB /* SettingsCell.swift */; };
		142C2B9F286ABB30001CEFBB /* SettingsViewModel.swift in Sources */ = {isa = PBXBuildFile; fileRef = 142C2B9E286ABB30001CEFBB /* SettingsViewModel.swift */; };
		142C2BA4286AD212001CEFBB /* AddressesViewController.swift in Sources */ = {isa = PBXBuildFile; fileRef = 142C2BA3286AD212001CEFBB /* AddressesViewController.swift */; };
		142C2BA8286AE549001CEFBB /* AddressCollectionViewCell.swift in Sources */ = {isa = PBXBuildFile; fileRef = 142C2BA6286AE549001CEFBB /* AddressCollectionViewCell.swift */; };
		142C2BA9286AE549001CEFBB /* AddressCollectionViewCell.xib in Resources */ = {isa = PBXBuildFile; fileRef = 142C2BA7286AE549001CEFBB /* AddressCollectionViewCell.xib */; };
		14707610286A50EB00969B81 /* Me.storyboard in Resources */ = {isa = PBXBuildFile; fileRef = 1470760F286A50EB00969B81 /* Me.storyboard */; };
		14707613286A5A7900969B81 /* MeViewController.swift in Sources */ = {isa = PBXBuildFile; fileRef = 14707612286A5A7900969B81 /* MeViewController.swift */; };
		14707615286A6F1C00969B81 /* GuestMeViewController.swift in Sources */ = {isa = PBXBuildFile; fileRef = 14707614286A6F1C00969B81 /* GuestMeViewController.swift */; };
		265A94B5585EFCF2A5FB8ADF /* Pods_M_Commerce_Shop_M_Commerce_ShopUITests.framework in Frameworks */ = {isa = PBXBuildFile; fileRef = 529726848BA781C7530847CF /* Pods_M_Commerce_Shop_M_Commerce_ShopUITests.framework */; };
		53716B0B88646274148A6920 /* Pods_M_Commerce_Shop.framework in Frameworks */ = {isa = PBXBuildFile; fileRef = B7C029B2DF6C368B53AC8834 /* Pods_M_Commerce_Shop.framework */; };
		91135CF82867964E0079F360 /* SignUpVC.swift in Sources */ = {isa = PBXBuildFile; fileRef = 91135CF72867964E0079F360 /* SignUpVC.swift */; };
		E69D21BD4E6C4A2556FAD8D0 /* Pods_M_Commerce_ShopTests.framework in Frameworks */ = {isa = PBXBuildFile; fileRef = CFC2F3FD955D80DEEE12124F /* Pods_M_Commerce_ShopTests.framework */; };
		FA2B6E5C28650E2C00603B78 /* AppDelegate.swift in Sources */ = {isa = PBXBuildFile; fileRef = FA2B6E5B28650E2C00603B78 /* AppDelegate.swift */; };
		FA2B6E6028650E2C00603B78 /* LoginVC.swift in Sources */ = {isa = PBXBuildFile; fileRef = FA2B6E5F28650E2C00603B78 /* LoginVC.swift */; };
		FA2B6E6628650E2C00603B78 /* M_Commerce_Shop.xcdatamodeld in Sources */ = {isa = PBXBuildFile; fileRef = FA2B6E6428650E2C00603B78 /* M_Commerce_Shop.xcdatamodeld */; };
		FA2B6E6828650E2E00603B78 /* Assets.xcassets in Resources */ = {isa = PBXBuildFile; fileRef = FA2B6E6728650E2E00603B78 /* Assets.xcassets */; };
		FA2B6E6B28650E2E00603B78 /* LaunchScreen.storyboard in Resources */ = {isa = PBXBuildFile; fileRef = FA2B6E6928650E2E00603B78 /* LaunchScreen.storyboard */; };
		FA2B6E7628650E2E00603B78 /* M_Commerce_ShopTests.swift in Sources */ = {isa = PBXBuildFile; fileRef = FA2B6E7528650E2E00603B78 /* M_Commerce_ShopTests.swift */; };
		FA2B6E8128650E2E00603B78 /* M_Commerce_ShopUITests.swift in Sources */ = {isa = PBXBuildFile; fileRef = FA2B6E8028650E2E00603B78 /* M_Commerce_ShopUITests.swift */; };
		FA890EA32865E09B00063FD2 /* Home.storyboard in Resources */ = {isa = PBXBuildFile; fileRef = FA890EA22865E09B00063FD2 /* Home.storyboard */; };
		FA890EA82865E57200063FD2 /* Leagues.swift in Sources */ = {isa = PBXBuildFile; fileRef = FA890EA72865E57200063FD2 /* Leagues.swift */; };
		FA890EB02865E8D200063FD2 /* HomeViewModel.swift in Sources */ = {isa = PBXBuildFile; fileRef = FA890EAF2865E8D200063FD2 /* HomeViewModel.swift */; };
		FA890EB52865EAB900063FD2 /* TabBar.storyboard in Resources */ = {isa = PBXBuildFile; fileRef = FA890EB42865EAB900063FD2 /* TabBar.storyboard */; };
		FAAB80292865122B00A3A86A /* Auth.storyboard in Resources */ = {isa = PBXBuildFile; fileRef = FAAB80282865122B00A3A86A /* Auth.storyboard */; };
		FAAB804E2865145A00A3A86A /* AnimationLottie.swift in Sources */ = {isa = PBXBuildFile; fileRef = FAAB804D2865145A00A3A86A /* AnimationLottie.swift */; };
		FAAB805628651AB400A3A86A /* NetworkManager.swift in Sources */ = {isa = PBXBuildFile; fileRef = FAAB805528651AB400A3A86A /* NetworkManager.swift */; };
		FAAB805B28651C3700A3A86A /* CoreDataManager.swift in Sources */ = {isa = PBXBuildFile; fileRef = FAAB805A28651C3700A3A86A /* CoreDataManager.swift */; };
		FAAB806028651C6E00A3A86A /* ArraysManager.swift in Sources */ = {isa = PBXBuildFile; fileRef = FAAB805F28651C6D00A3A86A /* ArraysManager.swift */; };
		FAAB806828651CD300A3A86A /* CoreDataModel.swift in Sources */ = {isa = PBXBuildFile; fileRef = FAAB806728651CD300A3A86A /* CoreDataModel.swift */; };
		FAAB807928651E4600A3A86A /* CustomColors.swift in Sources */ = {isa = PBXBuildFile; fileRef = FAAB804C2865141300A3A86A /* CustomColors.swift */; };
		FAAB807D28651E4A00A3A86A /* ConnectionManager.swift in Sources */ = {isa = PBXBuildFile; fileRef = FAAB804A2865141300A3A86A /* ConnectionManager.swift */; };
		FAAB808128651E4D00A3A86A /* Constants.swift in Sources */ = {isa = PBXBuildFile; fileRef = FAAB80452865141300A3A86A /* Constants.swift */; };
		FAAB808528651E5100A3A86A /* Helper.swift in Sources */ = {isa = PBXBuildFile; fileRef = FAAB80412865141300A3A86A /* Helper.swift */; };
		FAAB808928651E5600A3A86A /* CustomizedObjects.swift in Sources */ = {isa = PBXBuildFile; fileRef = FAAB80472865141300A3A86A /* CustomizedObjects.swift */; };
		FAAB80BB28652AD400A3A86A /* NoConnectionVC.swift in Sources */ = {isa = PBXBuildFile; fileRef = FAAB80BA28652AC100A3A86A /* NoConnectionVC.swift */; };
		FAAB80BF28652AE700A3A86A /* NoConnectionVC.xib in Resources */ = {isa = PBXBuildFile; fileRef = FAAB80B928652AB800A3A86A /* NoConnectionVC.xib */; };
/* End PBXBuildFile section */

/* Begin PBXContainerItemProxy section */
		FA2B6E7228650E2E00603B78 /* PBXContainerItemProxy */ = {
			isa = PBXContainerItemProxy;
			containerPortal = FA2B6E5028650E2C00603B78 /* Project object */;
			proxyType = 1;
			remoteGlobalIDString = FA2B6E5728650E2C00603B78;
			remoteInfo = "M-Commerce Shop";
		};
		FA2B6E7D28650E2E00603B78 /* PBXContainerItemProxy */ = {
			isa = PBXContainerItemProxy;
			containerPortal = FA2B6E5028650E2C00603B78 /* Project object */;
			proxyType = 1;
			remoteGlobalIDString = FA2B6E5728650E2C00603B78;
			remoteInfo = "M-Commerce Shop";
		};
/* End PBXContainerItemProxy section */

/* Begin PBXFileReference section */
		1421F1692866BBF100E0E1B0 /* Cart.storyboard */ = {isa = PBXFileReference; lastKnownFileType = file.storyboard; name = Cart.storyboard; path = "M-Commerce Shop/Set2/Cart/Views/Storyboards/Cart.storyboard"; sourceTree = SOURCE_ROOT; };
		1421F16B2866BC5C00E0E1B0 /* CartItemCollectionViewCell.swift */ = {isa = PBXFileReference; lastKnownFileType = sourcecode.swift; name = CartItemCollectionViewCell.swift; path = "M-Commerce Shop/Set2/Cart/Views/Cells/CartItemCollectionViewCell.swift"; sourceTree = SOURCE_ROOT; };
		1421F16C2866BC5C00E0E1B0 /* CartItemCollectionViewCell.xib */ = {isa = PBXFileReference; lastKnownFileType = file.xib; name = CartItemCollectionViewCell.xib; path = "M-Commerce Shop/Set2/Cart/Views/Cells/CartItemCollectionViewCell.xib"; sourceTree = SOURCE_ROOT; };
		1421F16F2866BE0000E0E1B0 /* CartViewController.swift */ = {isa = PBXFileReference; lastKnownFileType = sourcecode.swift; name = CartViewController.swift; path = "M-Commerce Shop/Set2/Cart/Views/Controllers/CartViewController.swift"; sourceTree = SOURCE_ROOT; };
		142C2B94286A98E0001CEFBB /* Settings.storyboard */ = {isa = PBXFileReference; lastKnownFileType = file.storyboard; path = Settings.storyboard; sourceTree = "<group>"; };
		142C2B96286A9AAD001CEFBB /* SettingsViewController.swift */ = {isa = PBXFileReference; lastKnownFileType = sourcecode.swift; path = SettingsViewController.swift; sourceTree = "<group>"; };
		142C2B9B286ABA94001CEFBB /* SettingsCell.swift */ = {isa = PBXFileReference; lastKnownFileType = sourcecode.swift; path = SettingsCell.swift; sourceTree = "<group>"; };
		142C2B9E286ABB30001CEFBB /* SettingsViewModel.swift */ = {isa = PBXFileReference; lastKnownFileType = sourcecode.swift; path = SettingsViewModel.swift; sourceTree = "<group>"; };
		142C2BA3286AD212001CEFBB /* AddressesViewController.swift */ = {isa = PBXFileReference; lastKnownFileType = sourcecode.swift; path = AddressesViewController.swift; sourceTree = "<group>"; };
		142C2BA6286AE549001CEFBB /* AddressCollectionViewCell.swift */ = {isa = PBXFileReference; lastKnownFileType = sourcecode.swift; path = AddressCollectionViewCell.swift; sourceTree = "<group>"; };
		142C2BA7286AE549001CEFBB /* AddressCollectionViewCell.xib */ = {isa = PBXFileReference; lastKnownFileType = file.xib; path = AddressCollectionViewCell.xib; sourceTree = "<group>"; };
		1470760F286A50EB00969B81 /* Me.storyboard */ = {isa = PBXFileReference; lastKnownFileType = file.storyboard; path = Me.storyboard; sourceTree = "<group>"; };
		14707612286A5A7900969B81 /* MeViewController.swift */ = {isa = PBXFileReference; lastKnownFileType = sourcecode.swift; path = MeViewController.swift; sourceTree = "<group>"; };
		14707614286A6F1C00969B81 /* GuestMeViewController.swift */ = {isa = PBXFileReference; lastKnownFileType = sourcecode.swift; path = GuestMeViewController.swift; sourceTree = "<group>"; };
		1712698BB7CA36C117FB73C6 /* Pods-M-Commerce Shop.release.xcconfig */ = {isa = PBXFileReference; includeInIndex = 1; lastKnownFileType = text.xcconfig; name = "Pods-M-Commerce Shop.release.xcconfig"; path = "Target Support Files/Pods-M-Commerce Shop/Pods-M-Commerce Shop.release.xcconfig"; sourceTree = "<group>"; };
		529726848BA781C7530847CF /* Pods_M_Commerce_Shop_M_Commerce_ShopUITests.framework */ = {isa = PBXFileReference; explicitFileType = wrapper.framework; includeInIndex = 0; path = Pods_M_Commerce_Shop_M_Commerce_ShopUITests.framework; sourceTree = BUILT_PRODUCTS_DIR; };
		7630968E69C162B1FE325221 /* Pods-M-Commerce Shop-M-Commerce ShopUITests.debug.xcconfig */ = {isa = PBXFileReference; includeInIndex = 1; lastKnownFileType = text.xcconfig; name = "Pods-M-Commerce Shop-M-Commerce ShopUITests.debug.xcconfig"; path = "Target Support Files/Pods-M-Commerce Shop-M-Commerce ShopUITests/Pods-M-Commerce Shop-M-Commerce ShopUITests.debug.xcconfig"; sourceTree = "<group>"; };
		91135CF72867964E0079F360 /* SignUpVC.swift */ = {isa = PBXFileReference; lastKnownFileType = sourcecode.swift; path = SignUpVC.swift; sourceTree = "<group>"; };
		B7C029B2DF6C368B53AC8834 /* Pods_M_Commerce_Shop.framework */ = {isa = PBXFileReference; explicitFileType = wrapper.framework; includeInIndex = 0; path = Pods_M_Commerce_Shop.framework; sourceTree = BUILT_PRODUCTS_DIR; };
		CFC2F3FD955D80DEEE12124F /* Pods_M_Commerce_ShopTests.framework */ = {isa = PBXFileReference; explicitFileType = wrapper.framework; includeInIndex = 0; path = Pods_M_Commerce_ShopTests.framework; sourceTree = BUILT_PRODUCTS_DIR; };
		D0FC09C885995F68913F3645 /* Pods-M-Commerce ShopTests.debug.xcconfig */ = {isa = PBXFileReference; includeInIndex = 1; lastKnownFileType = text.xcconfig; name = "Pods-M-Commerce ShopTests.debug.xcconfig"; path = "Target Support Files/Pods-M-Commerce ShopTests/Pods-M-Commerce ShopTests.debug.xcconfig"; sourceTree = "<group>"; };
		F4F9E657371AF68DA1BE87FD /* Pods-M-Commerce Shop-M-Commerce ShopUITests.release.xcconfig */ = {isa = PBXFileReference; includeInIndex = 1; lastKnownFileType = text.xcconfig; name = "Pods-M-Commerce Shop-M-Commerce ShopUITests.release.xcconfig"; path = "Target Support Files/Pods-M-Commerce Shop-M-Commerce ShopUITests/Pods-M-Commerce Shop-M-Commerce ShopUITests.release.xcconfig"; sourceTree = "<group>"; };
		F5679B9EEE84A374DFCA4B36 /* Pods-M-Commerce Shop.debug.xcconfig */ = {isa = PBXFileReference; includeInIndex = 1; lastKnownFileType = text.xcconfig; name = "Pods-M-Commerce Shop.debug.xcconfig"; path = "Target Support Files/Pods-M-Commerce Shop/Pods-M-Commerce Shop.debug.xcconfig"; sourceTree = "<group>"; };
		FA2B6E5828650E2C00603B78 /* M-Commerce Shop.app */ = {isa = PBXFileReference; explicitFileType = wrapper.application; includeInIndex = 0; path = "M-Commerce Shop.app"; sourceTree = BUILT_PRODUCTS_DIR; };
		FA2B6E5B28650E2C00603B78 /* AppDelegate.swift */ = {isa = PBXFileReference; lastKnownFileType = sourcecode.swift; path = AppDelegate.swift; sourceTree = "<group>"; };
		FA2B6E5F28650E2C00603B78 /* LoginVC.swift */ = {isa = PBXFileReference; lastKnownFileType = sourcecode.swift; path = LoginVC.swift; sourceTree = "<group>"; };
		FA2B6E6528650E2C00603B78 /* M_Commerce_Shop.xcdatamodel */ = {isa = PBXFileReference; lastKnownFileType = wrapper.xcdatamodel; path = M_Commerce_Shop.xcdatamodel; sourceTree = "<group>"; };
		FA2B6E6728650E2E00603B78 /* Assets.xcassets */ = {isa = PBXFileReference; lastKnownFileType = folder.assetcatalog; path = Assets.xcassets; sourceTree = "<group>"; };
		FA2B6E6A28650E2E00603B78 /* Base */ = {isa = PBXFileReference; lastKnownFileType = file.storyboard; name = Base; path = Base.lproj/LaunchScreen.storyboard; sourceTree = "<group>"; };
		FA2B6E6C28650E2E00603B78 /* Info.plist */ = {isa = PBXFileReference; lastKnownFileType = text.plist.xml; path = Info.plist; sourceTree = "<group>"; };
		FA2B6E7128650E2E00603B78 /* M-Commerce ShopTests.xctest */ = {isa = PBXFileReference; explicitFileType = wrapper.cfbundle; includeInIndex = 0; path = "M-Commerce ShopTests.xctest"; sourceTree = BUILT_PRODUCTS_DIR; };
		FA2B6E7528650E2E00603B78 /* M_Commerce_ShopTests.swift */ = {isa = PBXFileReference; lastKnownFileType = sourcecode.swift; path = M_Commerce_ShopTests.swift; sourceTree = "<group>"; };
		FA2B6E7728650E2E00603B78 /* Info.plist */ = {isa = PBXFileReference; lastKnownFileType = text.plist.xml; path = Info.plist; sourceTree = "<group>"; };
		FA2B6E7C28650E2E00603B78 /* M-Commerce ShopUITests.xctest */ = {isa = PBXFileReference; explicitFileType = wrapper.cfbundle; includeInIndex = 0; path = "M-Commerce ShopUITests.xctest"; sourceTree = BUILT_PRODUCTS_DIR; };
		FA2B6E8028650E2E00603B78 /* M_Commerce_ShopUITests.swift */ = {isa = PBXFileReference; lastKnownFileType = sourcecode.swift; path = M_Commerce_ShopUITests.swift; sourceTree = "<group>"; };
		FA2B6E8228650E2E00603B78 /* Info.plist */ = {isa = PBXFileReference; lastKnownFileType = text.plist.xml; path = Info.plist; sourceTree = "<group>"; };
		FA5DB0438AAE7A1D8CD49865 /* Pods-M-Commerce ShopTests.release.xcconfig */ = {isa = PBXFileReference; includeInIndex = 1; lastKnownFileType = text.xcconfig; name = "Pods-M-Commerce ShopTests.release.xcconfig"; path = "Target Support Files/Pods-M-Commerce ShopTests/Pods-M-Commerce ShopTests.release.xcconfig"; sourceTree = "<group>"; };
		FA890EA22865E09B00063FD2 /* Home.storyboard */ = {isa = PBXFileReference; lastKnownFileType = file.storyboard; path = Home.storyboard; sourceTree = "<group>"; };
		FA890EA72865E57200063FD2 /* Leagues.swift */ = {isa = PBXFileReference; lastKnownFileType = sourcecode.swift; path = Leagues.swift; sourceTree = "<group>"; };
		FA890EAF2865E8D200063FD2 /* HomeViewModel.swift */ = {isa = PBXFileReference; lastKnownFileType = sourcecode.swift; path = HomeViewModel.swift; sourceTree = "<group>"; };
		FA890EB42865EAB900063FD2 /* TabBar.storyboard */ = {isa = PBXFileReference; lastKnownFileType = file.storyboard; path = TabBar.storyboard; sourceTree = "<group>"; };
		FAAB80282865122B00A3A86A /* Auth.storyboard */ = {isa = PBXFileReference; lastKnownFileType = file.storyboard; path = Auth.storyboard; sourceTree = "<group>"; };
		FAAB80412865141300A3A86A /* Helper.swift */ = {isa = PBXFileReference; lastKnownFileType = sourcecode.swift; path = Helper.swift; sourceTree = "<group>"; };
		FAAB80432865141300A3A86A /* splashScreen.json */ = {isa = PBXFileReference; lastKnownFileType = text.json; path = splashScreen.json; sourceTree = "<group>"; };
		FAAB80452865141300A3A86A /* Constants.swift */ = {isa = PBXFileReference; lastKnownFileType = sourcecode.swift; path = Constants.swift; sourceTree = "<group>"; };
		FAAB80472865141300A3A86A /* CustomizedObjects.swift */ = {isa = PBXFileReference; lastKnownFileType = sourcecode.swift; path = CustomizedObjects.swift; sourceTree = "<group>"; };
		FAAB804A2865141300A3A86A /* ConnectionManager.swift */ = {isa = PBXFileReference; lastKnownFileType = sourcecode.swift; path = ConnectionManager.swift; sourceTree = "<group>"; };
		FAAB804C2865141300A3A86A /* CustomColors.swift */ = {isa = PBXFileReference; lastKnownFileType = sourcecode.swift; path = CustomColors.swift; sourceTree = "<group>"; };
		FAAB804D2865145A00A3A86A /* AnimationLottie.swift */ = {isa = PBXFileReference; lastKnownFileType = sourcecode.swift; path = AnimationLottie.swift; sourceTree = "<group>"; };
		FAAB805528651AB400A3A86A /* NetworkManager.swift */ = {isa = PBXFileReference; lastKnownFileType = sourcecode.swift; path = NetworkManager.swift; sourceTree = "<group>"; };
		FAAB805A28651C3700A3A86A /* CoreDataManager.swift */ = {isa = PBXFileReference; lastKnownFileType = sourcecode.swift; path = CoreDataManager.swift; sourceTree = "<group>"; };
		FAAB805F28651C6D00A3A86A /* ArraysManager.swift */ = {isa = PBXFileReference; fileEncoding = 4; lastKnownFileType = sourcecode.swift; path = ArraysManager.swift; sourceTree = "<group>"; };
		FAAB806728651CD300A3A86A /* CoreDataModel.swift */ = {isa = PBXFileReference; lastKnownFileType = sourcecode.swift; path = CoreDataModel.swift; sourceTree = "<group>"; };
		FAAB80B928652AB800A3A86A /* NoConnectionVC.xib */ = {isa = PBXFileReference; lastKnownFileType = file.xib; path = NoConnectionVC.xib; sourceTree = "<group>"; };
		FAAB80BA28652AC100A3A86A /* NoConnectionVC.swift */ = {isa = PBXFileReference; lastKnownFileType = sourcecode.swift; path = NoConnectionVC.swift; sourceTree = "<group>"; };
/* End PBXFileReference section */

/* Begin PBXFrameworksBuildPhase section */
		FA2B6E5528650E2C00603B78 /* Frameworks */ = {
			isa = PBXFrameworksBuildPhase;
			buildActionMask = 2147483647;
			files = (
				53716B0B88646274148A6920 /* Pods_M_Commerce_Shop.framework in Frameworks */,
			);
			runOnlyForDeploymentPostprocessing = 0;
		};
		FA2B6E6E28650E2E00603B78 /* Frameworks */ = {
			isa = PBXFrameworksBuildPhase;
			buildActionMask = 2147483647;
			files = (
				E69D21BD4E6C4A2556FAD8D0 /* Pods_M_Commerce_ShopTests.framework in Frameworks */,
			);
			runOnlyForDeploymentPostprocessing = 0;
		};
		FA2B6E7928650E2E00603B78 /* Frameworks */ = {
			isa = PBXFrameworksBuildPhase;
			buildActionMask = 2147483647;
			files = (
				265A94B5585EFCF2A5FB8ADF /* Pods_M_Commerce_Shop_M_Commerce_ShopUITests.framework in Frameworks */,
			);
			runOnlyForDeploymentPostprocessing = 0;
		};
/* End PBXFrameworksBuildPhase section */

/* Begin PBXGroup section */
		142C2B98286AB945001CEFBB /* Models */ = {
			isa = PBXGroup;
			children = (
				142C2B9B286ABA94001CEFBB /* SettingsCell.swift */,
			);
			path = Models;
			sourceTree = "<group>";
		};
		142C2B9D286ABB15001CEFBB /* ViewModels */ = {
			isa = PBXGroup;
			children = (
				142C2B9E286ABB30001CEFBB /* SettingsViewModel.swift */,
			);
			path = ViewModels;
			sourceTree = "<group>";
		};
		142C2BA5286AE514001CEFBB /* Cells */ = {
			isa = PBXGroup;
			children = (
				142C2BA6286AE549001CEFBB /* AddressCollectionViewCell.swift */,
				142C2BA7286AE549001CEFBB /* AddressCollectionViewCell.xib */,
			);
			path = Cells;
			sourceTree = "<group>";
		};
		1470760C286A50C300969B81 /* Me */ = {
			isa = PBXGroup;
			children = (
				142C2B9D286ABB15001CEFBB /* ViewModels */,
				142C2B98286AB945001CEFBB /* Models */,
				1470760D286A50CF00969B81 /* Views */,
			);
			path = Me;
			sourceTree = "<group>";
		};
		1470760D286A50CF00969B81 /* Views */ = {
			isa = PBXGroup;
			children = (
				142C2BA5286AE514001CEFBB /* Cells */,
				1470760E286A50D500969B81 /* Storyboards */,
				14707611286A5A5800969B81 /* Controllers */,
			);
			path = Views;
			sourceTree = "<group>";
		};
		1470760E286A50D500969B81 /* Storyboards */ = {
			isa = PBXGroup;
			children = (
				1470760F286A50EB00969B81 /* Me.storyboard */,
				142C2B94286A98E0001CEFBB /* Settings.storyboard */,
			);
			path = Storyboards;
			sourceTree = "<group>";
		};
		14707611286A5A5800969B81 /* Controllers */ = {
			isa = PBXGroup;
			children = (
				14707612286A5A7900969B81 /* MeViewController.swift */,
				14707614286A6F1C00969B81 /* GuestMeViewController.swift */,
				142C2B96286A9AAD001CEFBB /* SettingsViewController.swift */,
				142C2BA3286AD212001CEFBB /* AddressesViewController.swift */,
			);
			path = Controllers;
			sourceTree = "<group>";
		};
		72E42E4601ECF8112DB60062 /* Pods */ = {
			isa = PBXGroup;
			children = (
				F5679B9EEE84A374DFCA4B36 /* Pods-M-Commerce Shop.debug.xcconfig */,
				1712698BB7CA36C117FB73C6 /* Pods-M-Commerce Shop.release.xcconfig */,
				7630968E69C162B1FE325221 /* Pods-M-Commerce Shop-M-Commerce ShopUITests.debug.xcconfig */,
				F4F9E657371AF68DA1BE87FD /* Pods-M-Commerce Shop-M-Commerce ShopUITests.release.xcconfig */,
				D0FC09C885995F68913F3645 /* Pods-M-Commerce ShopTests.debug.xcconfig */,
				FA5DB0438AAE7A1D8CD49865 /* Pods-M-Commerce ShopTests.release.xcconfig */,
			);
			path = Pods;
			sourceTree = "<group>";
		};
		84F9D2526146EC84B892B138 /* Frameworks */ = {
			isa = PBXGroup;
			children = (
				B7C029B2DF6C368B53AC8834 /* Pods_M_Commerce_Shop.framework */,
				529726848BA781C7530847CF /* Pods_M_Commerce_Shop_M_Commerce_ShopUITests.framework */,
				CFC2F3FD955D80DEEE12124F /* Pods_M_Commerce_ShopTests.framework */,
			);
			name = Frameworks;
			sourceTree = "<group>";
		};
		9113D48228674A340090A200 /* Models */ = {
			isa = PBXGroup;
			children = (
			);
			path = Models;
			sourceTree = "<group>";
		};
		9113D48528674AAE0090A200 /* ViewModels */ = {
			isa = PBXGroup;
			children = (
			);
			path = ViewModels;
			sourceTree = "<group>";
		};
		9113D48628674ABD0090A200 /* Cells */ = {
			isa = PBXGroup;
			children = (
			);
			path = Cells;
			sourceTree = "<group>";
		};
		FA2B6E4F28650E2C00603B78 = {
			isa = PBXGroup;
			children = (
				FA2B6E5A28650E2C00603B78 /* M-Commerce Shop */,
				FA2B6E7428650E2E00603B78 /* M-Commerce ShopTests */,
				FA2B6E7F28650E2E00603B78 /* M-Commerce ShopUITests */,
				FA2B6E5928650E2C00603B78 /* Products */,
				72E42E4601ECF8112DB60062 /* Pods */,
				84F9D2526146EC84B892B138 /* Frameworks */,
			);
			sourceTree = "<group>";
		};
		FA2B6E5928650E2C00603B78 /* Products */ = {
			isa = PBXGroup;
			children = (
				FA2B6E5828650E2C00603B78 /* M-Commerce Shop.app */,
				FA2B6E7128650E2E00603B78 /* M-Commerce ShopTests.xctest */,
				FA2B6E7C28650E2E00603B78 /* M-Commerce ShopUITests.xctest */,
			);
			name = Products;
			sourceTree = "<group>";
		};
		FA2B6E5A28650E2C00603B78 /* M-Commerce Shop */ = {
			isa = PBXGroup;
			children = (
				FAAB803D286513AB00A3A86A /* Shared */,
				FA2B6E9928650EA400603B78 /* Set1 */,
				FA2B6EA328650FE400603B78 /* Set2 */,
				FAAB800F286510AC00A3A86A /* Set3 */,
				FAAB80302865125B00A3A86A /* LaunchScreen */,
				FA2B6E6C28650E2E00603B78 /* Info.plist */,
			);
			path = "M-Commerce Shop";
			sourceTree = "<group>";
		};
		FA2B6E7428650E2E00603B78 /* M-Commerce ShopTests */ = {
			isa = PBXGroup;
			children = (
				FA2B6E7528650E2E00603B78 /* M_Commerce_ShopTests.swift */,
				FA2B6E7728650E2E00603B78 /* Info.plist */,
			);
			path = "M-Commerce ShopTests";
			sourceTree = "<group>";
		};
		FA2B6E7F28650E2E00603B78 /* M-Commerce ShopUITests */ = {
			isa = PBXGroup;
			children = (
				FA2B6E8028650E2E00603B78 /* M_Commerce_ShopUITests.swift */,
				FA2B6E8228650E2E00603B78 /* Info.plist */,
			);
			path = "M-Commerce ShopUITests";
			sourceTree = "<group>";
		};
		FA2B6E9128650E6B00603B78 /* Support */ = {
			isa = PBXGroup;
			children = (
				FA2B6E5B28650E2C00603B78 /* AppDelegate.swift */,
			);
			path = Support;
			sourceTree = "<group>";
		};
		FA2B6E9928650EA400603B78 /* Set1 */ = {
			isa = PBXGroup;
			children = (
				FA2B6E9D28650EFE00603B78 /* Home */,
				FA2B6E9E28650F1300603B78 /* Categories */,
			);
			path = Set1;
			sourceTree = "<group>";
		};
		FA2B6E9A28650ECC00603B78 /* Models */ = {
			isa = PBXGroup;
			children = (
			);
			path = Models;
			sourceTree = "<group>";
		};
		FA2B6E9B28650ED400603B78 /* Views */ = {
			isa = PBXGroup;
			children = (
				FAAB80382865130500A3A86A /* Storyboards */,
				FAAB8022286511D400A3A86A /* Controllers */,
				FAAB8021286511D400A3A86A /* Cells */,
			);
			path = Views;
			sourceTree = "<group>";
		};
		FA2B6E9C28650EE700603B78 /* ViewModels */ = {
			isa = PBXGroup;
			children = (
				FA890EAF2865E8D200063FD2 /* HomeViewModel.swift */,
			);
			path = ViewModels;
			sourceTree = "<group>";
		};
		FA2B6E9D28650EFE00603B78 /* Home */ = {
			isa = PBXGroup;
			children = (
				FA2B6E9A28650ECC00603B78 /* Models */,
				FA2B6E9B28650ED400603B78 /* Views */,
				FA2B6E9C28650EE700603B78 /* ViewModels */,
			);
			path = Home;
			sourceTree = "<group>";
		};
		FA2B6E9E28650F1300603B78 /* Categories */ = {
			isa = PBXGroup;
			children = (
				FA2B6EA028650F2300603B78 /* Models */,
				FA2B6E9F28650F2300603B78 /* Views */,
				FA2B6EA128650F2300603B78 /* ViewModels */,
			);
			path = Categories;
			sourceTree = "<group>";
		};
		FA2B6E9F28650F2300603B78 /* Views */ = {
			isa = PBXGroup;
			children = (
				FAAB80392865134800A3A86A /* Storyboards */,
				FAAB8025286511ED00A3A86A /* Controllers */,
				FAAB8026286511ED00A3A86A /* Cells */,
			);
			path = Views;
			sourceTree = "<group>";
		};
		FA2B6EA028650F2300603B78 /* Models */ = {
			isa = PBXGroup;
			children = (
			);
			path = Models;
			sourceTree = "<group>";
		};
		FA2B6EA128650F2300603B78 /* ViewModels */ = {
			isa = PBXGroup;
			children = (
			);
			path = ViewModels;
			sourceTree = "<group>";
		};
		FA2B6EA328650FE400603B78 /* Set2 */ = {
			isa = PBXGroup;
			children = (
				1470760C286A50C300969B81 /* Me */,
				FAAB80062865101600A3A86A /* Cart */,
				FAAB80072865101600A3A86A /* Payment */,
			);
			path = Set2;
			sourceTree = "<group>";
		};
		FAAB80062865101600A3A86A /* Cart */ = {
			isa = PBXGroup;
			children = (
				FAAB80092865101600A3A86A /* Models */,
				FAAB80082865101600A3A86A /* Views */,
				FAAB800A2865101600A3A86A /* ViewModels */,
			);
			path = Cart;
			sourceTree = "<group>";
		};
		FAAB80072865101600A3A86A /* Payment */ = {
			isa = PBXGroup;
			children = (
				FAAB800C2865101600A3A86A /* Models */,
				FAAB800B2865101600A3A86A /* Views */,
				FAAB800D2865101600A3A86A /* ViewModels */,
			);
			path = Payment;
			sourceTree = "<group>";
		};
		FAAB80082865101600A3A86A /* Views */ = {
			isa = PBXGroup;
			children = (
				FAAB8035286512BB00A3A86A /* Storyboards */,
				FAAB801F286511BB00A3A86A /* Controllers */,
				FAAB8020286511C700A3A86A /* Cells */,
			);
			path = Views;
			sourceTree = "<group>";
		};
		FAAB80092865101600A3A86A /* Models */ = {
			isa = PBXGroup;
			children = (
			);
			path = Models;
			sourceTree = "<group>";
		};
		FAAB800A2865101600A3A86A /* ViewModels */ = {
			isa = PBXGroup;
			children = (
			);
			path = ViewModels;
			sourceTree = "<group>";
		};
		FAAB800B2865101600A3A86A /* Views */ = {
			isa = PBXGroup;
			children = (
				FAAB8037286512E900A3A86A /* Storyboards */,
				FAAB8023286511E700A3A86A /* Controllers */,
				FAAB8024286511E700A3A86A /* Cells */,
			);
			path = Views;
			sourceTree = "<group>";
		};
		FAAB800C2865101600A3A86A /* Models */ = {
			isa = PBXGroup;
			children = (
			);
			path = Models;
			sourceTree = "<group>";
		};
		FAAB800D2865101600A3A86A /* ViewModels */ = {
			isa = PBXGroup;
			children = (
			);
			path = ViewModels;
			sourceTree = "<group>";
		};
		FAAB800E2865102F00A3A86A /* Managers */ = {
			isa = PBXGroup;
			children = (
				FAAB806D28651D3500A3A86A /* APIManager */,
				FAAB807528651D8900A3A86A /* CoreData */,
			);
			path = Managers;
			sourceTree = "<group>";
		};
		FAAB800F286510AC00A3A86A /* Set3 */ = {
			isa = PBXGroup;
			children = (
				FAAB8010286510B500A3A86A /* Auth */,
				FAAB8011286510B500A3A86A /* Product Info */,
			);
			path = Set3;
			sourceTree = "<group>";
		};
		FAAB8010286510B500A3A86A /* Auth */ = {
			isa = PBXGroup;
			children = (
				9113D48228674A340090A200 /* Models */,
				FAAB8012286510B500A3A86A /* Views */,
				9113D48528674AAE0090A200 /* ViewModels */,
			);
			path = Auth;
			sourceTree = "<group>";
		};
		FAAB8011286510B500A3A86A /* Product Info */ = {
			isa = PBXGroup;
			children = (
				FAAB8015286510B500A3A86A /* Models */,
				FAAB8016286510B500A3A86A /* Views */,
				FAAB8017286510B500A3A86A /* ViewModels */,
			);
			path = "Product Info";
			sourceTree = "<group>";
		};
		FAAB8012286510B500A3A86A /* Views */ = {
			isa = PBXGroup;
			children = (
				FAAB80272865121200A3A86A /* Storyboards */,
				FAAB801B2865117400A3A86A /* Controllers */,
				9113D48628674ABD0090A200 /* Cells */,
			);
			path = Views;
			sourceTree = "<group>";
		};
		FAAB8015286510B500A3A86A /* Models */ = {
			isa = PBXGroup;
			children = (
			);
			path = Models;
			sourceTree = "<group>";
		};
		FAAB8016286510B500A3A86A /* Views */ = {
			isa = PBXGroup;
			children = (
				FAAB8036286512DD00A3A86A /* Storyboards */,
				FAAB801D2865119E00A3A86A /* Controllers */,
				FAAB801E286511A900A3A86A /* Cells */,
			);
			path = Views;
			sourceTree = "<group>";
		};
		FAAB8017286510B500A3A86A /* ViewModels */ = {
			isa = PBXGroup;
			children = (
			);
			path = ViewModels;
			sourceTree = "<group>";
		};
		FAAB801B2865117400A3A86A /* Controllers */ = {
			isa = PBXGroup;
			children = (
				FA2B6E5F28650E2C00603B78 /* LoginVC.swift */,
				91135CF72867964E0079F360 /* SignUpVC.swift */,
			);
			path = Controllers;
			sourceTree = "<group>";
		};
		FAAB801D2865119E00A3A86A /* Controllers */ = {
			isa = PBXGroup;
			children = (
			);
			path = Controllers;
			sourceTree = "<group>";
		};
		FAAB801E286511A900A3A86A /* Cells */ = {
			isa = PBXGroup;
			children = (
			);
			path = Cells;
			sourceTree = "<group>";
		};
		FAAB801F286511BB00A3A86A /* Controllers */ = {
			isa = PBXGroup;
			children = (
				1421F16F2866BE0000E0E1B0 /* CartViewController.swift */,
			);
			path = Controllers;
			sourceTree = "<group>";
		};
		FAAB8020286511C700A3A86A /* Cells */ = {
			isa = PBXGroup;
			children = (
				1421F16B2866BC5C00E0E1B0 /* CartItemCollectionViewCell.swift */,
				1421F16C2866BC5C00E0E1B0 /* CartItemCollectionViewCell.xib */,
			);
			path = Cells;
			sourceTree = "<group>";
		};
		FAAB8021286511D400A3A86A /* Cells */ = {
			isa = PBXGroup;
			children = (
			);
			path = Cells;
			sourceTree = "<group>";
		};
		FAAB8022286511D400A3A86A /* Controllers */ = {
			isa = PBXGroup;
			children = (
			);
			path = Controllers;
			sourceTree = "<group>";
		};
		FAAB8023286511E700A3A86A /* Controllers */ = {
			isa = PBXGroup;
			children = (
			);
			path = Controllers;
			sourceTree = "<group>";
		};
		FAAB8024286511E700A3A86A /* Cells */ = {
			isa = PBXGroup;
			children = (
			);
			path = Cells;
			sourceTree = "<group>";
		};
		FAAB8025286511ED00A3A86A /* Controllers */ = {
			isa = PBXGroup;
			children = (
			);
			path = Controllers;
			sourceTree = "<group>";
		};
		FAAB8026286511ED00A3A86A /* Cells */ = {
			isa = PBXGroup;
			children = (
			);
			path = Cells;
			sourceTree = "<group>";
		};
		FAAB80272865121200A3A86A /* Storyboards */ = {
			isa = PBXGroup;
			children = (
				FAAB80282865122B00A3A86A /* Auth.storyboard */,
			);
			path = Storyboards;
			sourceTree = "<group>";
		};
		FAAB80302865125B00A3A86A /* LaunchScreen */ = {
			isa = PBXGroup;
			children = (
				FA2B6E6928650E2E00603B78 /* LaunchScreen.storyboard */,
			);
			path = LaunchScreen;
			sourceTree = "<group>";
		};
		FAAB8035286512BB00A3A86A /* Storyboards */ = {
			isa = PBXGroup;
			children = (
				1421F1692866BBF100E0E1B0 /* Cart.storyboard */,
			);
			path = Storyboards;
			sourceTree = "<group>";
		};
		FAAB8036286512DD00A3A86A /* Storyboards */ = {
			isa = PBXGroup;
			children = (
			);
			path = Storyboards;
			sourceTree = "<group>";
		};
		FAAB8037286512E900A3A86A /* Storyboards */ = {
			isa = PBXGroup;
			children = (
			);
			path = Storyboards;
			sourceTree = "<group>";
		};
		FAAB80382865130500A3A86A /* Storyboards */ = {
			isa = PBXGroup;
			children = (
				FA890EB42865EAB900063FD2 /* TabBar.storyboard */,
				FA890EA22865E09B00063FD2 /* Home.storyboard */,
			);
			path = Storyboards;
			sourceTree = "<group>";
		};
		FAAB80392865134800A3A86A /* Storyboards */ = {
			isa = PBXGroup;
			children = (
			);
			path = Storyboards;
			sourceTree = "<group>";
		};
		FAAB803D286513AB00A3A86A /* Shared */ = {
			isa = PBXGroup;
			children = (
				FA2B6E9128650E6B00603B78 /* Support */,
				FAAB803E286513BB00A3A86A /* Resources */,
				FAAB800E2865102F00A3A86A /* Managers */,
				FAAB803F286513E000A3A86A /* Utilities */,
			);
			path = Shared;
			sourceTree = "<group>";
		};
		FAAB803E286513BB00A3A86A /* Resources */ = {
			isa = PBXGroup;
			children = (
				FA2B6E6728650E2E00603B78 /* Assets.xcassets */,
			);
			path = Resources;
			sourceTree = "<group>";
		};
		FAAB803F286513E000A3A86A /* Utilities */ = {
			isa = PBXGroup;
			children = (
				FAAB804B2865141300A3A86A /* Colors */,
				FAAB80482865141300A3A86A /* Connection */,
				FAAB80442865141300A3A86A /* Constants */,
				FAAB80402865141300A3A86A /* Helper */,
				FAAB80422865141300A3A86A /* LottieAnimation */,
				FAAB80462865141300A3A86A /* ShabableViews */,
			);
			path = Utilities;
			sourceTree = "<group>";
		};
		FAAB80402865141300A3A86A /* Helper */ = {
			isa = PBXGroup;
			children = (
				FAAB80412865141300A3A86A /* Helper.swift */,
			);
			path = Helper;
			sourceTree = "<group>";
		};
		FAAB80422865141300A3A86A /* LottieAnimation */ = {
			isa = PBXGroup;
			children = (
				FAAB804D2865145A00A3A86A /* AnimationLottie.swift */,
				FAAB80432865141300A3A86A /* splashScreen.json */,
			);
			path = LottieAnimation;
			sourceTree = "<group>";
		};
		FAAB80442865141300A3A86A /* Constants */ = {
			isa = PBXGroup;
			children = (
				FAAB80452865141300A3A86A /* Constants.swift */,
			);
			path = Constants;
			sourceTree = "<group>";
		};
		FAAB80462865141300A3A86A /* ShabableViews */ = {
			isa = PBXGroup;
			children = (
				FAAB80472865141300A3A86A /* CustomizedObjects.swift */,
			);
			path = ShabableViews;
			sourceTree = "<group>";
		};
		FAAB80482865141300A3A86A /* Connection */ = {
			isa = PBXGroup;
			children = (
				FAAB80B828652AB700A3A86A /* ConnectionViews */,
				FAAB804A2865141300A3A86A /* ConnectionManager.swift */,
			);
			path = Connection;
			sourceTree = "<group>";
		};
		FAAB804B2865141300A3A86A /* Colors */ = {
			isa = PBXGroup;
			children = (
				FAAB804C2865141300A3A86A /* CustomColors.swift */,
			);
			path = Colors;
			sourceTree = "<group>";
		};
		FAAB806C28651CF100A3A86A /* CoreDataModels */ = {
			isa = PBXGroup;
			children = (
				FAAB806728651CD300A3A86A /* CoreDataModel.swift */,
				FA890EA72865E57200063FD2 /* Leagues.swift */,
			);
			path = CoreDataModels;
			sourceTree = "<group>";
		};
		FAAB806D28651D3500A3A86A /* APIManager */ = {
			isa = PBXGroup;
			children = (
				FAAB805528651AB400A3A86A /* NetworkManager.swift */,
			);
			path = APIManager;
			sourceTree = "<group>";
		};
		FAAB807128651D3F00A3A86A /* CoreDataManager */ = {
			isa = PBXGroup;
			children = (
				FAAB805A28651C3700A3A86A /* CoreDataManager.swift */,
				FAAB805F28651C6D00A3A86A /* ArraysManager.swift */,
			);
			path = CoreDataManager;
			sourceTree = "<group>";
		};
		FAAB807528651D8900A3A86A /* CoreData */ = {
			isa = PBXGroup;
			children = (
				FA2B6E6428650E2C00603B78 /* M_Commerce_Shop.xcdatamodeld */,
				FAAB807128651D3F00A3A86A /* CoreDataManager */,
				FAAB806C28651CF100A3A86A /* CoreDataModels */,
			);
			path = CoreData;
			sourceTree = "<group>";
		};
		FAAB80B828652AB700A3A86A /* ConnectionViews */ = {
			isa = PBXGroup;
			children = (
				FAAB80BA28652AC100A3A86A /* NoConnectionVC.swift */,
				FAAB80B928652AB800A3A86A /* NoConnectionVC.xib */,
			);
			path = ConnectionViews;
			sourceTree = "<group>";
		};
/* End PBXGroup section */

/* Begin PBXNativeTarget section */
		FA2B6E5728650E2C00603B78 /* M-Commerce Shop */ = {
			isa = PBXNativeTarget;
			buildConfigurationList = FA2B6E8528650E2E00603B78 /* Build configuration list for PBXNativeTarget "M-Commerce Shop" */;
			buildPhases = (
				CAE9039FB7E5BAED0320C286 /* [CP] Check Pods Manifest.lock */,
				FA2B6E5428650E2C00603B78 /* Sources */,
				FA2B6E5528650E2C00603B78 /* Frameworks */,
				FA2B6E5628650E2C00603B78 /* Resources */,
				66B4B809A7F8E9A730A4243C /* [CP] Embed Pods Frameworks */,
			);
			buildRules = (
			);
			dependencies = (
			);
			name = "M-Commerce Shop";
			productName = "M-Commerce Shop";
			productReference = FA2B6E5828650E2C00603B78 /* M-Commerce Shop.app */;
			productType = "com.apple.product-type.application";
		};
		FA2B6E7028650E2E00603B78 /* M-Commerce ShopTests */ = {
			isa = PBXNativeTarget;
			buildConfigurationList = FA2B6E8828650E2E00603B78 /* Build configuration list for PBXNativeTarget "M-Commerce ShopTests" */;
			buildPhases = (
				CEB9EDD80EE477C76E17995A /* [CP] Check Pods Manifest.lock */,
				FA2B6E6D28650E2E00603B78 /* Sources */,
				FA2B6E6E28650E2E00603B78 /* Frameworks */,
				FA2B6E6F28650E2E00603B78 /* Resources */,
			);
			buildRules = (
			);
			dependencies = (
				FA2B6E7328650E2E00603B78 /* PBXTargetDependency */,
			);
			name = "M-Commerce ShopTests";
			productName = "M-Commerce ShopTests";
			productReference = FA2B6E7128650E2E00603B78 /* M-Commerce ShopTests.xctest */;
			productType = "com.apple.product-type.bundle.unit-test";
		};
		FA2B6E7B28650E2E00603B78 /* M-Commerce ShopUITests */ = {
			isa = PBXNativeTarget;
			buildConfigurationList = FA2B6E8B28650E2E00603B78 /* Build configuration list for PBXNativeTarget "M-Commerce ShopUITests" */;
			buildPhases = (
				70896863C7D474C6CADE3F7B /* [CP] Check Pods Manifest.lock */,
				FA2B6E7828650E2E00603B78 /* Sources */,
				FA2B6E7928650E2E00603B78 /* Frameworks */,
				FA2B6E7A28650E2E00603B78 /* Resources */,
				296A9A58FA8C30BE19EED76C /* [CP] Embed Pods Frameworks */,
			);
			buildRules = (
			);
			dependencies = (
				FA2B6E7E28650E2E00603B78 /* PBXTargetDependency */,
			);
			name = "M-Commerce ShopUITests";
			productName = "M-Commerce ShopUITests";
			productReference = FA2B6E7C28650E2E00603B78 /* M-Commerce ShopUITests.xctest */;
			productType = "com.apple.product-type.bundle.ui-testing";
		};
/* End PBXNativeTarget section */

/* Begin PBXProject section */
		FA2B6E5028650E2C00603B78 /* Project object */ = {
			isa = PBXProject;
			attributes = {
				LastSwiftUpdateCheck = 1240;
				LastUpgradeCheck = 1240;
				TargetAttributes = {
					FA2B6E5728650E2C00603B78 = {
						CreatedOnToolsVersion = 12.4;
					};
					FA2B6E7028650E2E00603B78 = {
						CreatedOnToolsVersion = 12.4;
						TestTargetID = FA2B6E5728650E2C00603B78;
					};
					FA2B6E7B28650E2E00603B78 = {
						CreatedOnToolsVersion = 12.4;
						TestTargetID = FA2B6E5728650E2C00603B78;
					};
				};
			};
			buildConfigurationList = FA2B6E5328650E2C00603B78 /* Build configuration list for PBXProject "M-Commerce Shop" */;
			compatibilityVersion = "Xcode 9.3";
			developmentRegion = en;
			hasScannedForEncodings = 0;
			knownRegions = (
				en,
				Base,
			);
			mainGroup = FA2B6E4F28650E2C00603B78;
			productRefGroup = FA2B6E5928650E2C00603B78 /* Products */;
			projectDirPath = "";
			projectRoot = "";
			targets = (
				FA2B6E5728650E2C00603B78 /* M-Commerce Shop */,
				FA2B6E7028650E2E00603B78 /* M-Commerce ShopTests */,
				FA2B6E7B28650E2E00603B78 /* M-Commerce ShopUITests */,
			);
		};
/* End PBXProject section */

/* Begin PBXResourcesBuildPhase section */
		FA2B6E5628650E2C00603B78 /* Resources */ = {
			isa = PBXResourcesBuildPhase;
			buildActionMask = 2147483647;
			files = (
				FAAB80292865122B00A3A86A /* Auth.storyboard in Resources */,
				FA890EA32865E09B00063FD2 /* Home.storyboard in Resources */,
				FAAB80BF28652AE700A3A86A /* NoConnectionVC.xib in Resources */,
				142C2BA9286AE549001CEFBB /* AddressCollectionViewCell.xib in Resources */,
				142C2B95286A98E0001CEFBB /* Settings.storyboard in Resources */,
				FA2B6E6B28650E2E00603B78 /* LaunchScreen.storyboard in Resources */,
				FA890EB52865EAB900063FD2 /* TabBar.storyboard in Resources */,
				14707610286A50EB00969B81 /* Me.storyboard in Resources */,
				FA2B6E6828650E2E00603B78 /* Assets.xcassets in Resources */,
			);
			runOnlyForDeploymentPostprocessing = 0;
		};
		FA2B6E6F28650E2E00603B78 /* Resources */ = {
			isa = PBXResourcesBuildPhase;
			buildActionMask = 2147483647;
			files = (
			);
			runOnlyForDeploymentPostprocessing = 0;
		};
		FA2B6E7A28650E2E00603B78 /* Resources */ = {
			isa = PBXResourcesBuildPhase;
			buildActionMask = 2147483647;
			files = (
			);
			runOnlyForDeploymentPostprocessing = 0;
		};
/* End PBXResourcesBuildPhase section */

/* Begin PBXShellScriptBuildPhase section */
		296A9A58FA8C30BE19EED76C /* [CP] Embed Pods Frameworks */ = {
			isa = PBXShellScriptBuildPhase;
			buildActionMask = 2147483647;
			files = (
			);
			inputFileListPaths = (
				"${PODS_ROOT}/Target Support Files/Pods-M-Commerce Shop-M-Commerce ShopUITests/Pods-M-Commerce Shop-M-Commerce ShopUITests-frameworks-${CONFIGURATION}-input-files.xcfilelist",
			);
			name = "[CP] Embed Pods Frameworks";
			outputFileListPaths = (
				"${PODS_ROOT}/Target Support Files/Pods-M-Commerce Shop-M-Commerce ShopUITests/Pods-M-Commerce Shop-M-Commerce ShopUITests-frameworks-${CONFIGURATION}-output-files.xcfilelist",
			);
			runOnlyForDeploymentPostprocessing = 0;
			shellPath = /bin/sh;
			shellScript = "\"${PODS_ROOT}/Target Support Files/Pods-M-Commerce Shop-M-Commerce ShopUITests/Pods-M-Commerce Shop-M-Commerce ShopUITests-frameworks.sh\"\n";
			showEnvVarsInLog = 0;
		};
		66B4B809A7F8E9A730A4243C /* [CP] Embed Pods Frameworks */ = {
			isa = PBXShellScriptBuildPhase;
			buildActionMask = 2147483647;
			files = (
			);
			inputFileListPaths = (
				"${PODS_ROOT}/Target Support Files/Pods-M-Commerce Shop/Pods-M-Commerce Shop-frameworks-${CONFIGURATION}-input-files.xcfilelist",
			);
			name = "[CP] Embed Pods Frameworks";
			outputFileListPaths = (
				"${PODS_ROOT}/Target Support Files/Pods-M-Commerce Shop/Pods-M-Commerce Shop-frameworks-${CONFIGURATION}-output-files.xcfilelist",
			);
			runOnlyForDeploymentPostprocessing = 0;
			shellPath = /bin/sh;
			shellScript = "\"${PODS_ROOT}/Target Support Files/Pods-M-Commerce Shop/Pods-M-Commerce Shop-frameworks.sh\"\n";
			showEnvVarsInLog = 0;
		};
		70896863C7D474C6CADE3F7B /* [CP] Check Pods Manifest.lock */ = {
			isa = PBXShellScriptBuildPhase;
			buildActionMask = 2147483647;
			files = (
			);
			inputFileListPaths = (
			);
			inputPaths = (
				"${PODS_PODFILE_DIR_PATH}/Podfile.lock",
				"${PODS_ROOT}/Manifest.lock",
			);
			name = "[CP] Check Pods Manifest.lock";
			outputFileListPaths = (
			);
			outputPaths = (
				"$(DERIVED_FILE_DIR)/Pods-M-Commerce Shop-M-Commerce ShopUITests-checkManifestLockResult.txt",
			);
			runOnlyForDeploymentPostprocessing = 0;
			shellPath = /bin/sh;
			shellScript = "diff \"${PODS_PODFILE_DIR_PATH}/Podfile.lock\" \"${PODS_ROOT}/Manifest.lock\" > /dev/null\nif [ $? != 0 ] ; then\n    # print error to STDERR\n    echo \"error: The sandbox is not in sync with the Podfile.lock. Run 'pod install' or update your CocoaPods installation.\" >&2\n    exit 1\nfi\n# This output is used by Xcode 'outputs' to avoid re-running this script phase.\necho \"SUCCESS\" > \"${SCRIPT_OUTPUT_FILE_0}\"\n";
			showEnvVarsInLog = 0;
		};
		CAE9039FB7E5BAED0320C286 /* [CP] Check Pods Manifest.lock */ = {
			isa = PBXShellScriptBuildPhase;
			buildActionMask = 2147483647;
			files = (
			);
			inputFileListPaths = (
			);
			inputPaths = (
				"${PODS_PODFILE_DIR_PATH}/Podfile.lock",
				"${PODS_ROOT}/Manifest.lock",
			);
			name = "[CP] Check Pods Manifest.lock";
			outputFileListPaths = (
			);
			outputPaths = (
				"$(DERIVED_FILE_DIR)/Pods-M-Commerce Shop-checkManifestLockResult.txt",
			);
			runOnlyForDeploymentPostprocessing = 0;
			shellPath = /bin/sh;
			shellScript = "diff \"${PODS_PODFILE_DIR_PATH}/Podfile.lock\" \"${PODS_ROOT}/Manifest.lock\" > /dev/null\nif [ $? != 0 ] ; then\n    # print error to STDERR\n    echo \"error: The sandbox is not in sync with the Podfile.lock. Run 'pod install' or update your CocoaPods installation.\" >&2\n    exit 1\nfi\n# This output is used by Xcode 'outputs' to avoid re-running this script phase.\necho \"SUCCESS\" > \"${SCRIPT_OUTPUT_FILE_0}\"\n";
			showEnvVarsInLog = 0;
		};
		CEB9EDD80EE477C76E17995A /* [CP] Check Pods Manifest.lock */ = {
			isa = PBXShellScriptBuildPhase;
			buildActionMask = 2147483647;
			files = (
			);
			inputFileListPaths = (
			);
			inputPaths = (
				"${PODS_PODFILE_DIR_PATH}/Podfile.lock",
				"${PODS_ROOT}/Manifest.lock",
			);
			name = "[CP] Check Pods Manifest.lock";
			outputFileListPaths = (
			);
			outputPaths = (
				"$(DERIVED_FILE_DIR)/Pods-M-Commerce ShopTests-checkManifestLockResult.txt",
			);
			runOnlyForDeploymentPostprocessing = 0;
			shellPath = /bin/sh;
			shellScript = "diff \"${PODS_PODFILE_DIR_PATH}/Podfile.lock\" \"${PODS_ROOT}/Manifest.lock\" > /dev/null\nif [ $? != 0 ] ; then\n    # print error to STDERR\n    echo \"error: The sandbox is not in sync with the Podfile.lock. Run 'pod install' or update your CocoaPods installation.\" >&2\n    exit 1\nfi\n# This output is used by Xcode 'outputs' to avoid re-running this script phase.\necho \"SUCCESS\" > \"${SCRIPT_OUTPUT_FILE_0}\"\n";
			showEnvVarsInLog = 0;
		};
/* End PBXShellScriptBuildPhase section */

/* Begin PBXSourcesBuildPhase section */
		FA2B6E5428650E2C00603B78 /* Sources */ = {
			isa = PBXSourcesBuildPhase;
			buildActionMask = 2147483647;
			files = (
				142C2B9C286ABA94001CEFBB /* SettingsCell.swift in Sources */,
				142C2BA8286AE549001CEFBB /* AddressCollectionViewCell.swift in Sources */,
				FAAB805B28651C3700A3A86A /* CoreDataManager.swift in Sources */,
				1421F16D2866BC5C00E0E1B0 /* CartItemCollectionViewCell.swift in Sources */,
				FAAB808128651E4D00A3A86A /* Constants.swift in Sources */,
				FAAB806028651C6E00A3A86A /* ArraysManager.swift in Sources */,
				FA890EB02865E8D200063FD2 /* HomeViewModel.swift in Sources */,
				FAAB806828651CD300A3A86A /* CoreDataModel.swift in Sources */,
				142C2BA4286AD212001CEFBB /* AddressesViewController.swift in Sources */,
				FA2B6E6628650E2C00603B78 /* M_Commerce_Shop.xcdatamodeld in Sources */,
				FA2B6E6028650E2C00603B78 /* LoginVC.swift in Sources */,
				FAAB808928651E5600A3A86A /* CustomizedObjects.swift in Sources */,
				FAAB807D28651E4A00A3A86A /* ConnectionManager.swift in Sources */,
				14707613286A5A7900969B81 /* MeViewController.swift in Sources */,
				FAAB805628651AB400A3A86A /* NetworkManager.swift in Sources */,
				FA890EA82865E57200063FD2 /* Leagues.swift in Sources */,
				142C2B97286A9AAD001CEFBB /* SettingsViewController.swift in Sources */,
				FAAB80BB28652AD400A3A86A /* NoConnectionVC.swift in Sources */,
				FAAB804E2865145A00A3A86A /* AnimationLottie.swift in Sources */,
				1421F1702866BE0000E0E1B0 /* CartViewController.swift in Sources */,
				FAAB807928651E4600A3A86A /* CustomColors.swift in Sources */,
				FA2B6E5C28650E2C00603B78 /* AppDelegate.swift in Sources */,
				FAAB808528651E5100A3A86A /* Helper.swift in Sources */,
				14707615286A6F1C00969B81 /* GuestMeViewController.swift in Sources */,
				91135CF82867964E0079F360 /* SignUpVC.swift in Sources */,
				142C2B9F286ABB30001CEFBB /* SettingsViewModel.swift in Sources */,
			);
			runOnlyForDeploymentPostprocessing = 0;
		};
		FA2B6E6D28650E2E00603B78 /* Sources */ = {
			isa = PBXSourcesBuildPhase;
			buildActionMask = 2147483647;
			files = (
				FA2B6E7628650E2E00603B78 /* M_Commerce_ShopTests.swift in Sources */,
			);
			runOnlyForDeploymentPostprocessing = 0;
		};
		FA2B6E7828650E2E00603B78 /* Sources */ = {
			isa = PBXSourcesBuildPhase;
			buildActionMask = 2147483647;
			files = (
				FA2B6E8128650E2E00603B78 /* M_Commerce_ShopUITests.swift in Sources */,
			);
			runOnlyForDeploymentPostprocessing = 0;
		};
/* End PBXSourcesBuildPhase section */

/* Begin PBXTargetDependency section */
		FA2B6E7328650E2E00603B78 /* PBXTargetDependency */ = {
			isa = PBXTargetDependency;
			target = FA2B6E5728650E2C00603B78 /* M-Commerce Shop */;
			targetProxy = FA2B6E7228650E2E00603B78 /* PBXContainerItemProxy */;
		};
		FA2B6E7E28650E2E00603B78 /* PBXTargetDependency */ = {
			isa = PBXTargetDependency;
			target = FA2B6E5728650E2C00603B78 /* M-Commerce Shop */;
			targetProxy = FA2B6E7D28650E2E00603B78 /* PBXContainerItemProxy */;
		};
/* End PBXTargetDependency section */

/* Begin PBXVariantGroup section */
		FA2B6E6928650E2E00603B78 /* LaunchScreen.storyboard */ = {
			isa = PBXVariantGroup;
			children = (
				FA2B6E6A28650E2E00603B78 /* Base */,
			);
			name = LaunchScreen.storyboard;
			sourceTree = "<group>";
		};
/* End PBXVariantGroup section */

/* Begin XCBuildConfiguration section */
		FA2B6E8328650E2E00603B78 /* Debug */ = {
			isa = XCBuildConfiguration;
			buildSettings = {
				ALWAYS_SEARCH_USER_PATHS = NO;
				CLANG_ANALYZER_NONNULL = YES;
				CLANG_ANALYZER_NUMBER_OBJECT_CONVERSION = YES_AGGRESSIVE;
				CLANG_CXX_LANGUAGE_STANDARD = "gnu++14";
				CLANG_CXX_LIBRARY = "libc++";
				CLANG_ENABLE_MODULES = YES;
				CLANG_ENABLE_OBJC_ARC = YES;
				CLANG_ENABLE_OBJC_WEAK = YES;
				CLANG_WARN_BLOCK_CAPTURE_AUTORELEASING = YES;
				CLANG_WARN_BOOL_CONVERSION = YES;
				CLANG_WARN_COMMA = YES;
				CLANG_WARN_CONSTANT_CONVERSION = YES;
				CLANG_WARN_DEPRECATED_OBJC_IMPLEMENTATIONS = YES;
				CLANG_WARN_DIRECT_OBJC_ISA_USAGE = YES_ERROR;
				CLANG_WARN_DOCUMENTATION_COMMENTS = YES;
				CLANG_WARN_EMPTY_BODY = YES;
				CLANG_WARN_ENUM_CONVERSION = YES;
				CLANG_WARN_INFINITE_RECURSION = YES;
				CLANG_WARN_INT_CONVERSION = YES;
				CLANG_WARN_NON_LITERAL_NULL_CONVERSION = YES;
				CLANG_WARN_OBJC_IMPLICIT_RETAIN_SELF = YES;
				CLANG_WARN_OBJC_LITERAL_CONVERSION = YES;
				CLANG_WARN_OBJC_ROOT_CLASS = YES_ERROR;
				CLANG_WARN_QUOTED_INCLUDE_IN_FRAMEWORK_HEADER = YES;
				CLANG_WARN_RANGE_LOOP_ANALYSIS = YES;
				CLANG_WARN_STRICT_PROTOTYPES = YES;
				CLANG_WARN_SUSPICIOUS_MOVE = YES;
				CLANG_WARN_UNGUARDED_AVAILABILITY = YES_AGGRESSIVE;
				CLANG_WARN_UNREACHABLE_CODE = YES;
				CLANG_WARN__DUPLICATE_METHOD_MATCH = YES;
				COPY_PHASE_STRIP = NO;
				DEBUG_INFORMATION_FORMAT = dwarf;
				ENABLE_STRICT_OBJC_MSGSEND = YES;
				ENABLE_TESTABILITY = YES;
				GCC_C_LANGUAGE_STANDARD = gnu11;
				GCC_DYNAMIC_NO_PIC = NO;
				GCC_NO_COMMON_BLOCKS = YES;
				GCC_OPTIMIZATION_LEVEL = 0;
				GCC_PREPROCESSOR_DEFINITIONS = (
					"DEBUG=1",
					"$(inherited)",
				);
				GCC_WARN_64_TO_32_BIT_CONVERSION = YES;
				GCC_WARN_ABOUT_RETURN_TYPE = YES_ERROR;
				GCC_WARN_UNDECLARED_SELECTOR = YES;
				GCC_WARN_UNINITIALIZED_AUTOS = YES_AGGRESSIVE;
				GCC_WARN_UNUSED_FUNCTION = YES;
				GCC_WARN_UNUSED_VARIABLE = YES;
				IPHONEOS_DEPLOYMENT_TARGET = 14.4;
				MTL_ENABLE_DEBUG_INFO = INCLUDE_SOURCE;
				MTL_FAST_MATH = YES;
				ONLY_ACTIVE_ARCH = YES;
				SDKROOT = iphoneos;
				SWIFT_ACTIVE_COMPILATION_CONDITIONS = DEBUG;
				SWIFT_OPTIMIZATION_LEVEL = "-Onone";
			};
			name = Debug;
		};
		FA2B6E8428650E2E00603B78 /* Release */ = {
			isa = XCBuildConfiguration;
			buildSettings = {
				ALWAYS_SEARCH_USER_PATHS = NO;
				CLANG_ANALYZER_NONNULL = YES;
				CLANG_ANALYZER_NUMBER_OBJECT_CONVERSION = YES_AGGRESSIVE;
				CLANG_CXX_LANGUAGE_STANDARD = "gnu++14";
				CLANG_CXX_LIBRARY = "libc++";
				CLANG_ENABLE_MODULES = YES;
				CLANG_ENABLE_OBJC_ARC = YES;
				CLANG_ENABLE_OBJC_WEAK = YES;
				CLANG_WARN_BLOCK_CAPTURE_AUTORELEASING = YES;
				CLANG_WARN_BOOL_CONVERSION = YES;
				CLANG_WARN_COMMA = YES;
				CLANG_WARN_CONSTANT_CONVERSION = YES;
				CLANG_WARN_DEPRECATED_OBJC_IMPLEMENTATIONS = YES;
				CLANG_WARN_DIRECT_OBJC_ISA_USAGE = YES_ERROR;
				CLANG_WARN_DOCUMENTATION_COMMENTS = YES;
				CLANG_WARN_EMPTY_BODY = YES;
				CLANG_WARN_ENUM_CONVERSION = YES;
				CLANG_WARN_INFINITE_RECURSION = YES;
				CLANG_WARN_INT_CONVERSION = YES;
				CLANG_WARN_NON_LITERAL_NULL_CONVERSION = YES;
				CLANG_WARN_OBJC_IMPLICIT_RETAIN_SELF = YES;
				CLANG_WARN_OBJC_LITERAL_CONVERSION = YES;
				CLANG_WARN_OBJC_ROOT_CLASS = YES_ERROR;
				CLANG_WARN_QUOTED_INCLUDE_IN_FRAMEWORK_HEADER = YES;
				CLANG_WARN_RANGE_LOOP_ANALYSIS = YES;
				CLANG_WARN_STRICT_PROTOTYPES = YES;
				CLANG_WARN_SUSPICIOUS_MOVE = YES;
				CLANG_WARN_UNGUARDED_AVAILABILITY = YES_AGGRESSIVE;
				CLANG_WARN_UNREACHABLE_CODE = YES;
				CLANG_WARN__DUPLICATE_METHOD_MATCH = YES;
				COPY_PHASE_STRIP = NO;
				DEBUG_INFORMATION_FORMAT = "dwarf-with-dsym";
				ENABLE_NS_ASSERTIONS = NO;
				ENABLE_STRICT_OBJC_MSGSEND = YES;
				GCC_C_LANGUAGE_STANDARD = gnu11;
				GCC_NO_COMMON_BLOCKS = YES;
				GCC_WARN_64_TO_32_BIT_CONVERSION = YES;
				GCC_WARN_ABOUT_RETURN_TYPE = YES_ERROR;
				GCC_WARN_UNDECLARED_SELECTOR = YES;
				GCC_WARN_UNINITIALIZED_AUTOS = YES_AGGRESSIVE;
				GCC_WARN_UNUSED_FUNCTION = YES;
				GCC_WARN_UNUSED_VARIABLE = YES;
				IPHONEOS_DEPLOYMENT_TARGET = 14.4;
				MTL_ENABLE_DEBUG_INFO = NO;
				MTL_FAST_MATH = YES;
				SDKROOT = iphoneos;
				SWIFT_COMPILATION_MODE = wholemodule;
				SWIFT_OPTIMIZATION_LEVEL = "-O";
				VALIDATE_PRODUCT = YES;
			};
			name = Release;
		};
		FA2B6E8628650E2E00603B78 /* Debug */ = {
			isa = XCBuildConfiguration;
			baseConfigurationReference = F5679B9EEE84A374DFCA4B36 /* Pods-M-Commerce Shop.debug.xcconfig */;
			buildSettings = {
				ASSETCATALOG_COMPILER_APPICON_NAME = AppIcon;
				ASSETCATALOG_COMPILER_GLOBAL_ACCENT_COLOR_NAME = AccentColor;
				CODE_SIGN_STYLE = Automatic;
				DEVELOPMENT_TEAM = WL75LZVNWR;
				INFOPLIST_FILE = "M-Commerce Shop/Info.plist";
				LD_RUNPATH_SEARCH_PATHS = (
					"$(inherited)",
					"@executable_path/Frameworks",
				);
				PRODUCT_BUNDLE_IDENTIFIER = "com.Abdallah.M-Commerce-Shop";
				PRODUCT_NAME = "$(TARGET_NAME)";
				SWIFT_VERSION = 5.0;
				TARGETED_DEVICE_FAMILY = "1,2";
			};
			name = Debug;
		};
		FA2B6E8728650E2E00603B78 /* Release */ = {
			isa = XCBuildConfiguration;
			baseConfigurationReference = 1712698BB7CA36C117FB73C6 /* Pods-M-Commerce Shop.release.xcconfig */;
			buildSettings = {
				ASSETCATALOG_COMPILER_APPICON_NAME = AppIcon;
				ASSETCATALOG_COMPILER_GLOBAL_ACCENT_COLOR_NAME = AccentColor;
				CODE_SIGN_STYLE = Automatic;
				DEVELOPMENT_TEAM = WL75LZVNWR;
				INFOPLIST_FILE = "M-Commerce Shop/Info.plist";
				LD_RUNPATH_SEARCH_PATHS = (
					"$(inherited)",
					"@executable_path/Frameworks",
				);
				PRODUCT_BUNDLE_IDENTIFIER = "com.Abdallah.M-Commerce-Shop";
				PRODUCT_NAME = "$(TARGET_NAME)";
				SWIFT_VERSION = 5.0;
				TARGETED_DEVICE_FAMILY = "1,2";
			};
			name = Release;
		};
		FA2B6E8928650E2E00603B78 /* Debug */ = {
			isa = XCBuildConfiguration;
			baseConfigurationReference = D0FC09C885995F68913F3645 /* Pods-M-Commerce ShopTests.debug.xcconfig */;
			buildSettings = {
				ALWAYS_EMBED_SWIFT_STANDARD_LIBRARIES = YES;
				BUNDLE_LOADER = "$(TEST_HOST)";
				CODE_SIGN_STYLE = Automatic;
				DEVELOPMENT_TEAM = WL75LZVNWR;
				INFOPLIST_FILE = "M-Commerce ShopTests/Info.plist";
				IPHONEOS_DEPLOYMENT_TARGET = 14.4;
				LD_RUNPATH_SEARCH_PATHS = (
					"$(inherited)",
					"@executable_path/Frameworks",
					"@loader_path/Frameworks",
				);
				PRODUCT_BUNDLE_IDENTIFIER = "com.Abdallah.M-Commerce-ShopTests";
				PRODUCT_NAME = "$(TARGET_NAME)";
				SWIFT_VERSION = 5.0;
				TARGETED_DEVICE_FAMILY = "1,2";
				TEST_HOST = "$(BUILT_PRODUCTS_DIR)/M-Commerce Shop.app/M-Commerce Shop";
			};
			name = Debug;
		};
		FA2B6E8A28650E2E00603B78 /* Release */ = {
			isa = XCBuildConfiguration;
			baseConfigurationReference = FA5DB0438AAE7A1D8CD49865 /* Pods-M-Commerce ShopTests.release.xcconfig */;
			buildSettings = {
				ALWAYS_EMBED_SWIFT_STANDARD_LIBRARIES = YES;
				BUNDLE_LOADER = "$(TEST_HOST)";
				CODE_SIGN_STYLE = Automatic;
				DEVELOPMENT_TEAM = WL75LZVNWR;
				INFOPLIST_FILE = "M-Commerce ShopTests/Info.plist";
				IPHONEOS_DEPLOYMENT_TARGET = 14.4;
				LD_RUNPATH_SEARCH_PATHS = (
					"$(inherited)",
					"@executable_path/Frameworks",
					"@loader_path/Frameworks",
				);
				PRODUCT_BUNDLE_IDENTIFIER = "com.Abdallah.M-Commerce-ShopTests";
				PRODUCT_NAME = "$(TARGET_NAME)";
				SWIFT_VERSION = 5.0;
				TARGETED_DEVICE_FAMILY = "1,2";
				TEST_HOST = "$(BUILT_PRODUCTS_DIR)/M-Commerce Shop.app/M-Commerce Shop";
			};
			name = Release;
		};
		FA2B6E8C28650E2E00603B78 /* Debug */ = {
			isa = XCBuildConfiguration;
			baseConfigurationReference = 7630968E69C162B1FE325221 /* Pods-M-Commerce Shop-M-Commerce ShopUITests.debug.xcconfig */;
			buildSettings = {
				ALWAYS_EMBED_SWIFT_STANDARD_LIBRARIES = YES;
				CODE_SIGN_STYLE = Automatic;
				DEVELOPMENT_TEAM = WL75LZVNWR;
				INFOPLIST_FILE = "M-Commerce ShopUITests/Info.plist";
				LD_RUNPATH_SEARCH_PATHS = (
					"$(inherited)",
					"@executable_path/Frameworks",
					"@loader_path/Frameworks",
				);
				PRODUCT_BUNDLE_IDENTIFIER = "com.Abdallah.M-Commerce-ShopUITests";
				PRODUCT_NAME = "$(TARGET_NAME)";
				SWIFT_VERSION = 5.0;
				TARGETED_DEVICE_FAMILY = "1,2";
				TEST_TARGET_NAME = "M-Commerce Shop";
			};
			name = Debug;
		};
		FA2B6E8D28650E2E00603B78 /* Release */ = {
			isa = XCBuildConfiguration;
			baseConfigurationReference = F4F9E657371AF68DA1BE87FD /* Pods-M-Commerce Shop-M-Commerce ShopUITests.release.xcconfig */;
			buildSettings = {
				ALWAYS_EMBED_SWIFT_STANDARD_LIBRARIES = YES;
				CODE_SIGN_STYLE = Automatic;
				DEVELOPMENT_TEAM = WL75LZVNWR;
				INFOPLIST_FILE = "M-Commerce ShopUITests/Info.plist";
				LD_RUNPATH_SEARCH_PATHS = (
					"$(inherited)",
					"@executable_path/Frameworks",
					"@loader_path/Frameworks",
				);
				PRODUCT_BUNDLE_IDENTIFIER = "com.Abdallah.M-Commerce-ShopUITests";
				PRODUCT_NAME = "$(TARGET_NAME)";
				SWIFT_VERSION = 5.0;
				TARGETED_DEVICE_FAMILY = "1,2";
				TEST_TARGET_NAME = "M-Commerce Shop";
			};
			name = Release;
		};
/* End XCBuildConfiguration section */

/* Begin XCConfigurationList section */
		FA2B6E5328650E2C00603B78 /* Build configuration list for PBXProject "M-Commerce Shop" */ = {
			isa = XCConfigurationList;
			buildConfigurations = (
				FA2B6E8328650E2E00603B78 /* Debug */,
				FA2B6E8428650E2E00603B78 /* Release */,
			);
			defaultConfigurationIsVisible = 0;
			defaultConfigurationName = Release;
		};
		FA2B6E8528650E2E00603B78 /* Build configuration list for PBXNativeTarget "M-Commerce Shop" */ = {
			isa = XCConfigurationList;
			buildConfigurations = (
				FA2B6E8628650E2E00603B78 /* Debug */,
				FA2B6E8728650E2E00603B78 /* Release */,
			);
			defaultConfigurationIsVisible = 0;
			defaultConfigurationName = Release;
		};
		FA2B6E8828650E2E00603B78 /* Build configuration list for PBXNativeTarget "M-Commerce ShopTests" */ = {
			isa = XCConfigurationList;
			buildConfigurations = (
				FA2B6E8928650E2E00603B78 /* Debug */,
				FA2B6E8A28650E2E00603B78 /* Release */,
			);
			defaultConfigurationIsVisible = 0;
			defaultConfigurationName = Release;
		};
		FA2B6E8B28650E2E00603B78 /* Build configuration list for PBXNativeTarget "M-Commerce ShopUITests" */ = {
			isa = XCConfigurationList;
			buildConfigurations = (
				FA2B6E8C28650E2E00603B78 /* Debug */,
				FA2B6E8D28650E2E00603B78 /* Release */,
			);
			defaultConfigurationIsVisible = 0;
			defaultConfigurationName = Release;
		};
/* End XCConfigurationList section */

/* Begin XCVersionGroup section */
		FA2B6E6428650E2C00603B78 /* M_Commerce_Shop.xcdatamodeld */ = {
			isa = XCVersionGroup;
			children = (
				FA2B6E6528650E2C00603B78 /* M_Commerce_Shop.xcdatamodel */,
			);
			currentVersion = FA2B6E6528650E2C00603B78 /* M_Commerce_Shop.xcdatamodel */;
			path = M_Commerce_Shop.xcdatamodeld;
			sourceTree = "<group>";
			versionGroupType = wrapper.xcdatamodel;
		};
/* End XCVersionGroup section */
	};
	rootObject = FA2B6E5028650E2C00603B78 /* Project object */;
}
